
Microsoft Visual Studio Solution File, Format Version 12.00
# Visual Studio 15
VisualStudioVersion = 15.0.26730.12
MinimumVisualStudioVersion = 10.0.40219.1
Project("{9A19103F-16F7-4668-BE54-9A1E7A4F7556}") = "SendFileMiddleware.Web", "SendFileMiddleware.Web\SendFileMiddleware.Web.csproj", "{CBEBD34D-A3CD-4102-98BD-F18F2D3835A9}"
EndProject
Project("{FAE04EC0-301F-11D3-BF4B-00C04F79EFBC}") = "Codehaks.Middlewares.SendFile", "Codehaks.Middlewares.SendFile\Codehaks.Middlewares.SendFile.csproj", "{AFF36A8D-F63D-42FB-B8A2-0BFA7D5D6429}"
EndProject
Global
	GlobalSection(SolutionConfigurationPlatforms) = preSolution
		Debug|Any CPU = Debug|Any CPU
		Release|Any CPU = Release|Any CPU
	EndGlobalSection
	GlobalSection(ProjectConfigurationPlatforms) = postSolution
		{CBEBD34D-A3CD-4102-98BD-F18F2D3835A9}.Debug|Any CPU.ActiveCfg = Debug|Any CPU
		{CBEBD34D-A3CD-4102-98BD-F18F2D3835A9}.Debug|Any CPU.Build.0 = Debug|Any CPU
		{CBEBD34D-A3CD-4102-98BD-F18F2D3835A9}.Release|Any CPU.ActiveCfg = Release|Any CPU
		{CBEBD34D-A3CD-4102-98BD-F18F2D3835A9}.Release|Any CPU.Build.0 = Release|Any CPU
		{AFF36A8D-F63D-42FB-B8A2-0BFA7D5D6429}.Debug|Any CPU.ActiveCfg = Debug|Any CPU
		{AFF36A8D-F63D-42FB-B8A2-0BFA7D5D6429}.Debug|Any CPU.Build.0 = Debug|Any CPU
		{AFF36A8D-F63D-42FB-B8A2-0BFA7D5D6429}.Release|Any CPU.ActiveCfg = Release|Any CPU
		{AFF36A8D-F63D-42FB-B8A2-0BFA7D5D6429}.Release|Any CPU.Build.0 = Release|Any CPU
	EndGlobalSection
	GlobalSection(SolutionProperties) = preSolution
		HideSolutionNode = FALSE
	EndGlobalSection
	GlobalSection(ExtensibilityGlobals) = postSolution
		SolutionGuid = {8D0F5F18-3726-4C85-8FCF-E0218C962782}
	EndGlobalSection
EndGlobal
